
Microsoft Visual Studio Solution File, Format Version 12.00
# Visual Studio Version 16
VisualStudioVersion = 16.0.31624.102
MinimumVisualStudioVersion = 10.0.40219.1
Project("{9A19103F-16F7-4668-BE54-9A1E7A4F7556}") = "Models", "Models\Models.csproj", "{832D84F3-AF17-4D52-AFAA-E6383A4E3A8B}"
EndProject
Project("{9A19103F-16F7-4668-BE54-9A1E7A4F7556}") = "Utility", "Utility\Utility.csproj", "{61C4246E-1584-423F-AA45-0C9300B5B8BA}"
EndProject
Project("{2150E333-8FDC-42A3-9474-1A3956D46DE8}") = "Tests", "Tests", "{A798061E-826C-423E-A6B1-5ED800EB725E}"
EndProject
Project("{2150E333-8FDC-42A3-9474-1A3956D46DE8}") = "UnitTests", "UnitTests", "{7CE798F7-645B-49D0-A59B-0E7E2B2EC346}"
EndProject
Project("{2150E333-8FDC-42A3-9474-1A3956D46DE8}") = "IntegrationTests", "IntegrationTests", "{04541879-65D4-420A-980D-3CECD8086FD0}"
EndProject
Project("{9A19103F-16F7-4668-BE54-9A1E7A4F7556}") = "TestConsole", "Tests\IntegrationTests\TestConsole\TestConsole.csproj", "{40E666FD-04AE-42F8-A38D-5240571E418F}"
EndProject
Project("{9A19103F-16F7-4668-BE54-9A1E7A4F7556}") = "Utility.UnitTests", "Tests\UnitTests\Utility.UnitTests\Utility.UnitTests.csproj", "{D8292E88-6CA6-4575-AA0D-B594ED03FAB1}"
EndProject
Project("{9A19103F-16F7-4668-BE54-9A1E7A4F7556}") = "Models.UnitTests", "Tests\UnitTests\Models.UnitTests\Models.UnitTests.csproj", "{D5324FAE-28DA-4110-86E7-43754A5C2272}"
EndProject
Global
	GlobalSection(SolutionConfigurationPlatforms) = preSolution
		Debug|Any CPU = Debug|Any CPU
		Release|Any CPU = Release|Any CPU
	EndGlobalSection
	GlobalSection(ProjectConfigurationPlatforms) = postSolution
		{832D84F3-AF17-4D52-AFAA-E6383A4E3A8B}.Debug|Any CPU.ActiveCfg = Debug|Any CPU
		{832D84F3-AF17-4D52-AFAA-E6383A4E3A8B}.Debug|Any CPU.Build.0 = Debug|Any CPU
		{832D84F3-AF17-4D52-AFAA-E6383A4E3A8B}.Release|Any CPU.ActiveCfg = Release|Any CPU
		{832D84F3-AF17-4D52-AFAA-E6383A4E3A8B}.Release|Any CPU.Build.0 = Release|Any CPU
		{61C4246E-1584-423F-AA45-0C9300B5B8BA}.Debug|Any CPU.ActiveCfg = Debug|Any CPU
		{61C4246E-1584-423F-AA45-0C9300B5B8BA}.Debug|Any CPU.Build.0 = Debug|Any CPU
		{61C4246E-1584-423F-AA45-0C9300B5B8BA}.Release|Any CPU.ActiveCfg = Release|Any CPU
		{61C4246E-1584-423F-AA45-0C9300B5B8BA}.Release|Any CPU.Build.0 = Release|Any CPU
		{40E666FD-04AE-42F8-A38D-5240571E418F}.Debug|Any CPU.ActiveCfg = Debug|Any CPU
		{40E666FD-04AE-42F8-A38D-5240571E418F}.Debug|Any CPU.Build.0 = Debug|Any CPU
		{40E666FD-04AE-42F8-A38D-5240571E418F}.Release|Any CPU.ActiveCfg = Release|Any CPU
		{40E666FD-04AE-42F8-A38D-5240571E418F}.Release|Any CPU.Build.0 = Release|Any CPU
		{D8292E88-6CA6-4575-AA0D-B594ED03FAB1}.Debug|Any CPU.ActiveCfg = Debug|Any CPU
		{D8292E88-6CA6-4575-AA0D-B594ED03FAB1}.Debug|Any CPU.Build.0 = Debug|Any CPU
		{D8292E88-6CA6-4575-AA0D-B594ED03FAB1}.Release|Any CPU.ActiveCfg = Release|Any CPU
		{D8292E88-6CA6-4575-AA0D-B594ED03FAB1}.Release|Any CPU.Build.0 = Release|Any CPU
		{D5324FAE-28DA-4110-86E7-43754A5C2272}.Debug|Any CPU.ActiveCfg = Debug|Any CPU
		{D5324FAE-28DA-4110-86E7-43754A5C2272}.Debug|Any CPU.Build.0 = Debug|Any CPU
		{D5324FAE-28DA-4110-86E7-43754A5C2272}.Release|Any CPU.ActiveCfg = Release|Any CPU
		{D5324FAE-28DA-4110-86E7-43754A5C2272}.Release|Any CPU.Build.0 = Release|Any CPU
	EndGlobalSection
	GlobalSection(SolutionProperties) = preSolution
		HideSolutionNode = FALSE
	EndGlobalSection
	GlobalSection(NestedProjects) = preSolution
		{7CE798F7-645B-49D0-A59B-0E7E2B2EC346} = {A798061E-826C-423E-A6B1-5ED800EB725E}
		{04541879-65D4-420A-980D-3CECD8086FD0} = {A798061E-826C-423E-A6B1-5ED800EB725E}
		{40E666FD-04AE-42F8-A38D-5240571E418F} = {04541879-65D4-420A-980D-3CECD8086FD0}
		{D8292E88-6CA6-4575-AA0D-B594ED03FAB1} = {7CE798F7-645B-49D0-A59B-0E7E2B2EC346}
		{D5324FAE-28DA-4110-86E7-43754A5C2272} = {7CE798F7-645B-49D0-A59B-0E7E2B2EC346}
	EndGlobalSection
	GlobalSection(ExtensibilityGlobals) = postSolution
		SolutionGuid = {E56D95E5-8844-4F78-9413-CBB57C5F8FA4}
	EndGlobalSection
EndGlobal
